
Microsoft Visual Studio Solution File, Format Version 12.00
# Visual Studio Version 17
VisualStudioVersion = 17.5.33627.172
MinimumVisualStudioVersion = 10.0.40219.1
Project("{9A19103F-16F7-4668-BE54-9A1E7A4F7556}") = "SHOP.Common", "SHOP.Common\SHOP.Common.csproj", "{98522937-D87A-4F69-BC33-B4800E391498}"
EndProject
Project("{9A19103F-16F7-4668-BE54-9A1E7A4F7556}") = "SHOP.Data", "SHOP.Data\SHOP.Data.csproj", "{801B3F08-3218-46DD-9F80-C7302A208409}"
EndProject
Project("{9A19103F-16F7-4668-BE54-9A1E7A4F7556}") = "SHOP.Model", "SHOP.Model\SHOP.Model.csproj", "{B48CD814-0E6D-44EA-B089-AC3405A9098A}"
EndProject
Project("{9A19103F-16F7-4668-BE54-9A1E7A4F7556}") = "SHOP.Service", "SHOP.Service\SHOP.Service.csproj", "{C1477CD4-5B27-4224-8A12-45029DDDED3B}"
EndProject
Project("{9A19103F-16F7-4668-BE54-9A1E7A4F7556}") = "SHOP.Web", "SHOP.Web\SHOP.Web.csproj", "{95BE7FC5-9E53-48EA-937C-8D61A92EC2FC}"
EndProject
Project("{9A19103F-16F7-4668-BE54-9A1E7A4F7556}") = "SHOP.WebClient", "SHOP.WebClient\SHOP.WebClient.csproj", "{7DD9DA70-CC0E-444E-8242-52F3D7873E2F}"
EndProject
Project("{FAE04EC0-301F-11D3-BF4B-00C04F79EFBC}") = "SHOP.XUnitTest", "SHOP.XUnitTest\SHOP.XUnitTest.csproj", "{C5BE0236-1BE9-4D7F-81F5-DF94CCBC64B3}"
EndProject
Global
	GlobalSection(SolutionConfigurationPlatforms) = preSolution
		Debug|Any CPU = Debug|Any CPU
		Release|Any CPU = Release|Any CPU
	EndGlobalSection
	GlobalSection(ProjectConfigurationPlatforms) = postSolution
		{98522937-D87A-4F69-BC33-B4800E391498}.Debug|Any CPU.ActiveCfg = Debug|Any CPU
		{98522937-D87A-4F69-BC33-B4800E391498}.Debug|Any CPU.Build.0 = Debug|Any CPU
		{98522937-D87A-4F69-BC33-B4800E391498}.Release|Any CPU.ActiveCfg = Release|Any CPU
		{98522937-D87A-4F69-BC33-B4800E391498}.Release|Any CPU.Build.0 = Release|Any CPU
		{801B3F08-3218-46DD-9F80-C7302A208409}.Debug|Any CPU.ActiveCfg = Debug|Any CPU
		{801B3F08-3218-46DD-9F80-C7302A208409}.Debug|Any CPU.Build.0 = Debug|Any CPU
		{801B3F08-3218-46DD-9F80-C7302A208409}.Release|Any CPU.ActiveCfg = Release|Any CPU
		{801B3F08-3218-46DD-9F80-C7302A208409}.Release|Any CPU.Build.0 = Release|Any CPU
		{B48CD814-0E6D-44EA-B089-AC3405A9098A}.Debug|Any CPU.ActiveCfg = Debug|Any CPU
		{B48CD814-0E6D-44EA-B089-AC3405A9098A}.Debug|Any CPU.Build.0 = Debug|Any CPU
		{B48CD814-0E6D-44EA-B089-AC3405A9098A}.Release|Any CPU.ActiveCfg = Release|Any CPU
		{B48CD814-0E6D-44EA-B089-AC3405A9098A}.Release|Any CPU.Build.0 = Release|Any CPU
		{C1477CD4-5B27-4224-8A12-45029DDDED3B}.Debug|Any CPU.ActiveCfg = Debug|Any CPU
		{C1477CD4-5B27-4224-8A12-45029DDDED3B}.Debug|Any CPU.Build.0 = Debug|Any CPU
		{C1477CD4-5B27-4224-8A12-45029DDDED3B}.Release|Any CPU.ActiveCfg = Release|Any CPU
		{C1477CD4-5B27-4224-8A12-45029DDDED3B}.Release|Any CPU.Build.0 = Release|Any CPU
		{95BE7FC5-9E53-48EA-937C-8D61A92EC2FC}.Debug|Any CPU.ActiveCfg = Debug|Any CPU
		{95BE7FC5-9E53-48EA-937C-8D61A92EC2FC}.Debug|Any CPU.Build.0 = Debug|Any CPU
		{95BE7FC5-9E53-48EA-937C-8D61A92EC2FC}.Release|Any CPU.ActiveCfg = Release|Any CPU
		{95BE7FC5-9E53-48EA-937C-8D61A92EC2FC}.Release|Any CPU.Build.0 = Release|Any CPU
		{7DD9DA70-CC0E-444E-8242-52F3D7873E2F}.Debug|Any CPU.ActiveCfg = Debug|Any CPU
		{7DD9DA70-CC0E-444E-8242-52F3D7873E2F}.Debug|Any CPU.Build.0 = Debug|Any CPU
		{7DD9DA70-CC0E-444E-8242-52F3D7873E2F}.Release|Any CPU.ActiveCfg = Release|Any CPU
		{7DD9DA70-CC0E-444E-8242-52F3D7873E2F}.Release|Any CPU.Build.0 = Release|Any CPU
		{C5BE0236-1BE9-4D7F-81F5-DF94CCBC64B3}.Debug|Any CPU.ActiveCfg = Debug|Any CPU
		{C5BE0236-1BE9-4D7F-81F5-DF94CCBC64B3}.Debug|Any CPU.Build.0 = Debug|Any CPU
		{C5BE0236-1BE9-4D7F-81F5-DF94CCBC64B3}.Release|Any CPU.ActiveCfg = Release|Any CPU
		{C5BE0236-1BE9-4D7F-81F5-DF94CCBC64B3}.Release|Any CPU.Build.0 = Release|Any CPU
	EndGlobalSection
	GlobalSection(SolutionProperties) = preSolution
		HideSolutionNode = FALSE
	EndGlobalSection
	GlobalSection(ExtensibilityGlobals) = postSolution
		SolutionGuid = {6E43EE8B-AD18-4FA9-9F57-BCCF72AFE51A}
	EndGlobalSection
EndGlobal
